// !$*UTF8*$!
{
	archiveVersion = 1;
	classes = {
	};
	objectVersion = 46;
	objects = {

/* Begin PBXBuildFile section */
		00E356F31AD99517003FC87E /* BucaTests.m in Sources */ = {isa = PBXBuildFile; fileRef = 00E356F21AD99517003FC87E /* BucaTests.m */; };
		13B07FBC1A68108700A75B9A /* AppDelegate.m in Sources */ = {isa = PBXBuildFile; fileRef = 13B07FB01A68108700A75B9A /* AppDelegate.m */; };
		13B07FBF1A68108700A75B9A /* Images.xcassets in Resources */ = {isa = PBXBuildFile; fileRef = 13B07FB51A68108700A75B9A /* Images.xcassets */; };
		13B07FC11A68108700A75B9A /* main.m in Sources */ = {isa = PBXBuildFile; fileRef = 13B07FB71A68108700A75B9A /* main.m */; };
		2A9302376222CD4CAFC94E98 /* libPods-Buca-tvOSTests.a in Frameworks */ = {isa = PBXBuildFile; fileRef = 1949EF2C6AEA96E95ED7D95F /* libPods-Buca-tvOSTests.a */; };
		2D02E4BC1E0B4A80006451C7 /* AppDelegate.m in Sources */ = {isa = PBXBuildFile; fileRef = 13B07FB01A68108700A75B9A /* AppDelegate.m */; };
		2D02E4BD1E0B4A84006451C7 /* Images.xcassets in Resources */ = {isa = PBXBuildFile; fileRef = 13B07FB51A68108700A75B9A /* Images.xcassets */; };
		2D02E4BF1E0B4AB3006451C7 /* main.m in Sources */ = {isa = PBXBuildFile; fileRef = 13B07FB71A68108700A75B9A /* main.m */; };
		2DCD954D1E0B4F2C00145EB5 /* BucaTests.m in Sources */ = {isa = PBXBuildFile; fileRef = 00E356F21AD99517003FC87E /* BucaTests.m */; };
		3DD55E9CF2E33AEB4AF5C37E /* libPods-Buca-tvOS.a in Frameworks */ = {isa = PBXBuildFile; fileRef = 43258222CA556229639A4DB1 /* libPods-Buca-tvOS.a */; };
		81AB9BB82411601600AC10FF /* LaunchScreen.storyboard in Resources */ = {isa = PBXBuildFile; fileRef = 81AB9BB72411601600AC10FF /* LaunchScreen.storyboard */; };
		896924F025A8B0C2003FE6F3 /* File.swift in Sources */ = {isa = PBXBuildFile; fileRef = 896924EF25A8B0C2003FE6F3 /* File.swift */; };
		B2F7ACD04FFF6A3222EA652B /* libPods-Buca.a in Frameworks */ = {isa = PBXBuildFile; fileRef = 46866674DF0CCF6E922E344F /* libPods-Buca.a */; };
		D4619780BE6D12E99A59C131 /* libPods-Buca-BucaTests.a in Frameworks */ = {isa = PBXBuildFile; fileRef = 236EDAA89207F6965BADF2D5 /* libPods-Buca-BucaTests.a */; };
		3D4E42DD23F344EDBFCC87F1 /* Champagne & Limousines Bold Italic.ttf in Resources */ = {isa = PBXBuildFile; fileRef = FEC6991DCA2940B1A75A5A35 /* Champagne & Limousines Bold Italic.ttf */; };
		E97F252C2E0248F598E6CCD7 /* Champagne & Limousines Bold.ttf in Resources */ = {isa = PBXBuildFile; fileRef = 68FA9D823C9944B2A9238010 /* Champagne & Limousines Bold.ttf */; };
		8D42319D5676428287B9B9F1 /* Champagne & Limousines Italic.ttf in Resources */ = {isa = PBXBuildFile; fileRef = F03F2941356D4794B3B34BE8 /* Champagne & Limousines Italic.ttf */; };
		98BAFE22B0F744D8A50E02FA /* Champagne & Limousines.ttf in Resources */ = {isa = PBXBuildFile; fileRef = A987DEA5D1154B6D865C86A5 /* Champagne & Limousines.ttf */; };
		4140AACE0826418E9FF18041 /* ChopinScript.ttf in Resources */ = {isa = PBXBuildFile; fileRef = 7C0C19EE60184DC8A74068CB /* ChopinScript.ttf */; };
		441B47E231774684BD9C404E /* Milky Matcha.otf in Resources */ = {isa = PBXBuildFile; fileRef = 2750919893024740A150513A /* Milky Matcha.otf */; };
		6620BB50E095459C824CF3F8 /* AntDesign.ttf in Resources */ = {isa = PBXBuildFile; fileRef = 34CBAF54B93A41ECBB468E40 /* AntDesign.ttf */; };
		5D59419889E349A4A8364EFE /* Entypo.ttf in Resources */ = {isa = PBXBuildFile; fileRef = 1026F6A35FFF485EA7D16057 /* Entypo.ttf */; };
		F579D956A30D41FFBFA8527C /* EvilIcons.ttf in Resources */ = {isa = PBXBuildFile; fileRef = FA867FB9EFEE4E3AB1E6640D /* EvilIcons.ttf */; };
		4068A73C13074D87B394C686 /* Feather.ttf in Resources */ = {isa = PBXBuildFile; fileRef = 41AEC4EE13764BF58B4668FD /* Feather.ttf */; };
		16BBCC02FDEA44ACA92B46AF /* FontAwesome.ttf in Resources */ = {isa = PBXBuildFile; fileRef = 7F16A10E51144622889BE25C /* FontAwesome.ttf */; };
		4FD4E8622A0F4405AC340D88 /* FontAwesome5_Brands.ttf in Resources */ = {isa = PBXBuildFile; fileRef = 1B1906E631D542BCAC9029B7 /* FontAwesome5_Brands.ttf */; };
		7DD161DE25C64293BA66E839 /* FontAwesome5_Regular.ttf in Resources */ = {isa = PBXBuildFile; fileRef = C57F3056E9E24DFA8580B652 /* FontAwesome5_Regular.ttf */; };
		9D32723C809845B1BE982EB1 /* FontAwesome5_Solid.ttf in Resources */ = {isa = PBXBuildFile; fileRef = E1A64292584F4DD3A6D30CCF /* FontAwesome5_Solid.ttf */; };
		12B24E6ADF9944BA8D2D3B0F /* Fontisto.ttf in Resources */ = {isa = PBXBuildFile; fileRef = C53E4DE300704FEC8E29FF43 /* Fontisto.ttf */; };
		236A007F6FA14C8BA3FE65EB /* Foundation.ttf in Resources */ = {isa = PBXBuildFile; fileRef = 356C8480FD31476EAEAB431D /* Foundation.ttf */; };
		567CD3D91E054458A3324FB9 /* Ionicons.ttf in Resources */ = {isa = PBXBuildFile; fileRef = 1463A26CFD084845B9FA8260 /* Ionicons.ttf */; };
		75D1429BF6574E19965F85A4 /* MaterialCommunityIcons.ttf in Resources */ = {isa = PBXBuildFile; fileRef = 9535B1EBE2D64333A8A02C5F /* MaterialCommunityIcons.ttf */; };
		1A401B31D4F945DB950D5DFA /* MaterialIcons.ttf in Resources */ = {isa = PBXBuildFile; fileRef = 7342352795A0424BAC3321A1 /* MaterialIcons.ttf */; };
		4EB410242BF14C55B177C03A /* Octicons.ttf in Resources */ = {isa = PBXBuildFile; fileRef = 70CFE7E89BFD436C82A1406D /* Octicons.ttf */; };
		C8C36E7E988E479A9C50B067 /* SimpleLineIcons.ttf in Resources */ = {isa = PBXBuildFile; fileRef = 4303186CB01C41A2AB9FC34F /* SimpleLineIcons.ttf */; };
		5247FA11205A4D869E13ADC5 /* Zocial.ttf in Resources */ = {isa = PBXBuildFile; fileRef = 6603CAB5CB0C4D3182230C0E /* Zocial.ttf */; };
		12BCE6E8A62B446A8E3D97D4 /* Champagne-Bold.ttf in Resources */ = {isa = PBXBuildFile; fileRef = 3A8A8C01A39449A7898A3D3E /* Champagne-Bold.ttf */; };
		5930597E126043078DC6F586 /* Champagne-BoldItalic.ttf in Resources */ = {isa = PBXBuildFile; fileRef = 6EF7AAB6DA564A5AAF3DA8C5 /* Champagne-BoldItalic.ttf */; };
		42E6B52B74374CCDB2D68D7C /* Champagne-Italic.ttf in Resources */ = {isa = PBXBuildFile; fileRef = C9CA1AB7A9F34E1B8D10C5DF /* Champagne-Italic.ttf */; };
		1E8075B9BF444778A0FC6FC4 /* Champagne.ttf in Resources */ = {isa = PBXBuildFile; fileRef = 38098A68D6AD48C3BC2E6B35 /* Champagne.ttf */; };
		4073215EEC0442FF90B48B43 /* MilkyMatcha.otf in Resources */ = {isa = PBXBuildFile; fileRef = 5C7A4CCEFBDA422BA787A884 /* MilkyMatcha.otf */; };
		D0784372797D4AA18ACE3881 /* AlexBrush.ttf in Resources */ = {isa = PBXBuildFile; fileRef = CC065A4C7B6A4A4E8D7AAD89 /* AlexBrush.ttf */; };
		B467477F40ED426DBE3C96C5 /* bakery.ttf in Resources */ = {isa = PBXBuildFile; fileRef = 7DD3B801ED704461B9086C7D /* bakery.ttf */; };
		49B2BA91CCEE412186C7297B /* BoxSpagethy-Italic.ttf in Resources */ = {isa = PBXBuildFile; fileRef = 7BC96999E5B24A60B8CAECFD /* BoxSpagethy-Italic.ttf */; };
		32AE74A026B14C00A96D219C /* BoxSpagethy.ttf in Resources */ = {isa = PBXBuildFile; fileRef = C35436DC1D914006869188C8 /* BoxSpagethy.ttf */; };
		AFC2243E20C6497F9D7F46FC /* ChocolateCoveredRaindrops-Bold.ttf in Resources */ = {isa = PBXBuildFile; fileRef = 8FA4C872A12C42EDAECE319C /* ChocolateCoveredRaindrops-Bold.ttf */; };
		FE90ED4335D943FAA0164630 /* ChocolateCoveredRaindrops.ttf in Resources */ = {isa = PBXBuildFile; fileRef = 8E96CA4AF73C400182A04E02 /* ChocolateCoveredRaindrops.ttf */; };
		20255248B5F0419DB52BE394 /* Emillisa.ttf in Resources */ = {isa = PBXBuildFile; fileRef = FBDC2AD0DDE94FE0ACC370C7 /* Emillisa.ttf */; };
		649F370B392E4A029786449C /* EuropeUnderground-Bold.ttf in Resources */ = {isa = PBXBuildFile; fileRef = 92D89BEC7EB9434991BCB33D /* EuropeUnderground-Bold.ttf */; };
		D856EA9E40F14E458F971705 /* EuropeUnderground.ttf in Resources */ = {isa = PBXBuildFile; fileRef = 7AFBEAA2154C4F8784040FC6 /* EuropeUnderground.ttf */; };
		CD43D3C61291420382AC3CAF /* MissNelly.ttf in Resources */ = {isa = PBXBuildFile; fileRef = FEEE2F518CF64A20BEC1813C /* MissNelly.ttf */; };
		959FFC05835A4D31A3C3938F /* Rubellas.ttf in Resources */ = {isa = PBXBuildFile; fileRef = F9063CFB19E740498F6123CD /* Rubellas.ttf */; };
		667C8385E4BC4BCCA6120754 /* TheanoDidot.ttf in Resources */ = {isa = PBXBuildFile; fileRef = 16A477271661423FAA441CDB /* TheanoDidot.ttf */; };
		3FCE1E5ADD1D4DEE9E3761B6 /* WowDarling.ttf in Resources */ = {isa = PBXBuildFile; fileRef = 9E4721A54D8B462DB32502C0 /* WowDarling.ttf */; };
/* End PBXBuildFile section */

/* Begin PBXContainerItemProxy section */
		00E356F41AD99517003FC87E /* PBXContainerItemProxy */ = {
			isa = PBXContainerItemProxy;
			containerPortal = 83CBB9F71A601CBA00E9B192 /* Project object */;
			proxyType = 1;
			remoteGlobalIDString = 13B07F861A680F5B00A75B9A;
			remoteInfo = Buca;
		};
		2D02E4911E0B4A5D006451C7 /* PBXContainerItemProxy */ = {
			isa = PBXContainerItemProxy;
			containerPortal = 83CBB9F71A601CBA00E9B192 /* Project object */;
			proxyType = 1;
			remoteGlobalIDString = 2D02E47A1E0B4A5D006451C7;
			remoteInfo = "Buca-tvOS";
		};
/* End PBXContainerItemProxy section */

/* Begin PBXFileReference section */
		008F07F21AC5B25A0029DE68 /* main.jsbundle */ = {isa = PBXFileReference; fileEncoding = 4; lastKnownFileType = text; path = main.jsbundle; sourceTree = "<group>"; };
		00E356EE1AD99517003FC87E /* BucaTests.xctest */ = {isa = PBXFileReference; explicitFileType = wrapper.cfbundle; includeInIndex = 0; path = BucaTests.xctest; sourceTree = BUILT_PRODUCTS_DIR; };
		00E356F11AD99517003FC87E /* Info.plist */ = {isa = PBXFileReference; lastKnownFileType = text.plist.xml; path = Info.plist; sourceTree = "<group>"; };
		00E356F21AD99517003FC87E /* BucaTests.m */ = {isa = PBXFileReference; lastKnownFileType = sourcecode.c.objc; path = BucaTests.m; sourceTree = "<group>"; };
		0F1164262A464AFB4DC03415 /* Pods-Buca-tvOSTests.debug.xcconfig */ = {isa = PBXFileReference; includeInIndex = 1; lastKnownFileType = text.xcconfig; name = "Pods-Buca-tvOSTests.debug.xcconfig"; path = "Target Support Files/Pods-Buca-tvOSTests/Pods-Buca-tvOSTests.debug.xcconfig"; sourceTree = "<group>"; };
		13B07F961A680F5B00A75B9A /* Buca.app */ = {isa = PBXFileReference; explicitFileType = wrapper.application; includeInIndex = 0; path = Buca.app; sourceTree = BUILT_PRODUCTS_DIR; };
		13B07FAF1A68108700A75B9A /* AppDelegate.h */ = {isa = PBXFileReference; fileEncoding = 4; lastKnownFileType = sourcecode.c.h; name = AppDelegate.h; path = Buca/AppDelegate.h; sourceTree = "<group>"; };
		13B07FB01A68108700A75B9A /* AppDelegate.m */ = {isa = PBXFileReference; fileEncoding = 4; lastKnownFileType = sourcecode.c.objc; name = AppDelegate.m; path = Buca/AppDelegate.m; sourceTree = "<group>"; };
		13B07FB51A68108700A75B9A /* Images.xcassets */ = {isa = PBXFileReference; lastKnownFileType = folder.assetcatalog; name = Images.xcassets; path = Buca/Images.xcassets; sourceTree = "<group>"; };
		13B07FB61A68108700A75B9A /* Info.plist */ = {isa = PBXFileReference; fileEncoding = 4; lastKnownFileType = text.plist.xml; name = Info.plist; path = Buca/Info.plist; sourceTree = "<group>"; };
		13B07FB71A68108700A75B9A /* main.m */ = {isa = PBXFileReference; fileEncoding = 4; lastKnownFileType = sourcecode.c.objc; name = main.m; path = Buca/main.m; sourceTree = "<group>"; };
		1949EF2C6AEA96E95ED7D95F /* libPods-Buca-tvOSTests.a */ = {isa = PBXFileReference; explicitFileType = archive.ar; includeInIndex = 0; path = "libPods-Buca-tvOSTests.a"; sourceTree = BUILT_PRODUCTS_DIR; };
		21954595729A66224E891DC0 /* Pods-Buca.release.xcconfig */ = {isa = PBXFileReference; includeInIndex = 1; lastKnownFileType = text.xcconfig; name = "Pods-Buca.release.xcconfig"; path = "Target Support Files/Pods-Buca/Pods-Buca.release.xcconfig"; sourceTree = "<group>"; };
		236EDAA89207F6965BADF2D5 /* libPods-Buca-BucaTests.a */ = {isa = PBXFileReference; explicitFileType = archive.ar; includeInIndex = 0; path = "libPods-Buca-BucaTests.a"; sourceTree = BUILT_PRODUCTS_DIR; };
		2D02E47B1E0B4A5D006451C7 /* Buca-tvOS.app */ = {isa = PBXFileReference; explicitFileType = wrapper.application; includeInIndex = 0; path = "Buca-tvOS.app"; sourceTree = BUILT_PRODUCTS_DIR; };
		2D02E4901E0B4A5D006451C7 /* Buca-tvOSTests.xctest */ = {isa = PBXFileReference; explicitFileType = wrapper.cfbundle; includeInIndex = 0; path = "Buca-tvOSTests.xctest"; sourceTree = BUILT_PRODUCTS_DIR; };
		3298951A62502B0B8698CD6D /* Pods-Buca.debug.xcconfig */ = {isa = PBXFileReference; includeInIndex = 1; lastKnownFileType = text.xcconfig; name = "Pods-Buca.debug.xcconfig"; path = "Target Support Files/Pods-Buca/Pods-Buca.debug.xcconfig"; sourceTree = "<group>"; };
		43258222CA556229639A4DB1 /* libPods-Buca-tvOS.a */ = {isa = PBXFileReference; explicitFileType = archive.ar; includeInIndex = 0; path = "libPods-Buca-tvOS.a"; sourceTree = BUILT_PRODUCTS_DIR; };
		46866674DF0CCF6E922E344F /* libPods-Buca.a */ = {isa = PBXFileReference; explicitFileType = archive.ar; includeInIndex = 0; path = "libPods-Buca.a"; sourceTree = BUILT_PRODUCTS_DIR; };
		53E1A144AB4457135138796E /* Pods-Buca-BucaTests.release.xcconfig */ = {isa = PBXFileReference; includeInIndex = 1; lastKnownFileType = text.xcconfig; name = "Pods-Buca-BucaTests.release.xcconfig"; path = "Target Support Files/Pods-Buca-BucaTests/Pods-Buca-BucaTests.release.xcconfig"; sourceTree = "<group>"; };
		81AB9BB72411601600AC10FF /* LaunchScreen.storyboard */ = {isa = PBXFileReference; fileEncoding = 4; lastKnownFileType = file.storyboard; name = LaunchScreen.storyboard; path = Buca/LaunchScreen.storyboard; sourceTree = "<group>"; };
		896924EE25A8B0C1003FE6F3 /* Buca-Bridging-Header.h */ = {isa = PBXFileReference; lastKnownFileType = sourcecode.c.h; path = "Buca-Bridging-Header.h"; sourceTree = "<group>"; };
		896924EF25A8B0C2003FE6F3 /* File.swift */ = {isa = PBXFileReference; lastKnownFileType = sourcecode.swift; path = File.swift; sourceTree = "<group>"; };
		964EFC1FC511FD50FC133F2F /* Pods-Buca-tvOS.debug.xcconfig */ = {isa = PBXFileReference; includeInIndex = 1; lastKnownFileType = text.xcconfig; name = "Pods-Buca-tvOS.debug.xcconfig"; path = "Target Support Files/Pods-Buca-tvOS/Pods-Buca-tvOS.debug.xcconfig"; sourceTree = "<group>"; };
		9F0CF0D708AAEC91391A2A4C /* Pods-Buca-BucaTests.debug.xcconfig */ = {isa = PBXFileReference; includeInIndex = 1; lastKnownFileType = text.xcconfig; name = "Pods-Buca-BucaTests.debug.xcconfig"; path = "Target Support Files/Pods-Buca-BucaTests/Pods-Buca-BucaTests.debug.xcconfig"; sourceTree = "<group>"; };
		B69541F7C7D580C4FD49D561 /* Pods-Buca-tvOS.release.xcconfig */ = {isa = PBXFileReference; includeInIndex = 1; lastKnownFileType = text.xcconfig; name = "Pods-Buca-tvOS.release.xcconfig"; path = "Target Support Files/Pods-Buca-tvOS/Pods-Buca-tvOS.release.xcconfig"; sourceTree = "<group>"; };
		ED297162215061F000B7C4FE /* JavaScriptCore.framework */ = {isa = PBXFileReference; lastKnownFileType = wrapper.framework; name = JavaScriptCore.framework; path = System/Library/Frameworks/JavaScriptCore.framework; sourceTree = SDKROOT; };
		ED2971642150620600B7C4FE /* JavaScriptCore.framework */ = {isa = PBXFileReference; lastKnownFileType = wrapper.framework; name = JavaScriptCore.framework; path = Platforms/AppleTVOS.platform/Developer/SDKs/AppleTVOS12.0.sdk/System/Library/Frameworks/JavaScriptCore.framework; sourceTree = DEVELOPER_DIR; };
		F55FB6F0472734227544917F /* Pods-Buca-tvOSTests.release.xcconfig */ = {isa = PBXFileReference; includeInIndex = 1; lastKnownFileType = text.xcconfig; name = "Pods-Buca-tvOSTests.release.xcconfig"; path = "Target Support Files/Pods-Buca-tvOSTests/Pods-Buca-tvOSTests.release.xcconfig"; sourceTree = "<group>"; };
		FEC6991DCA2940B1A75A5A35 /* Champagne & Limousines Bold Italic.ttf */ = {isa = PBXFileReference; name = "Champagne & Limousines Bold Italic.ttf"; path = "../src/fonts/Champagne & Limousines Bold Italic.ttf"; sourceTree = "<group>"; fileEncoding = undefined; lastKnownFileType = unknown; explicitFileType = undefined; includeInIndex = 0; };
		68FA9D823C9944B2A9238010 /* Champagne & Limousines Bold.ttf */ = {isa = PBXFileReference; name = "Champagne & Limousines Bold.ttf"; path = "../src/fonts/Champagne & Limousines Bold.ttf"; sourceTree = "<group>"; fileEncoding = undefined; lastKnownFileType = unknown; explicitFileType = undefined; includeInIndex = 0; };
		F03F2941356D4794B3B34BE8 /* Champagne & Limousines Italic.ttf */ = {isa = PBXFileReference; name = "Champagne & Limousines Italic.ttf"; path = "../src/fonts/Champagne & Limousines Italic.ttf"; sourceTree = "<group>"; fileEncoding = undefined; lastKnownFileType = unknown; explicitFileType = undefined; includeInIndex = 0; };
		A987DEA5D1154B6D865C86A5 /* Champagne & Limousines.ttf */ = {isa = PBXFileReference; name = "Champagne & Limousines.ttf"; path = "../src/fonts/Champagne & Limousines.ttf"; sourceTree = "<group>"; fileEncoding = undefined; lastKnownFileType = unknown; explicitFileType = undefined; includeInIndex = 0; };
		7C0C19EE60184DC8A74068CB /* ChopinScript.ttf */ = {isa = PBXFileReference; name = "ChopinScript.ttf"; path = "../src/fonts/ChopinScript.ttf"; sourceTree = "<group>"; fileEncoding = undefined; lastKnownFileType = unknown; explicitFileType = undefined; includeInIndex = 0; };
		2750919893024740A150513A /* Milky Matcha.otf */ = {isa = PBXFileReference; name = "Milky Matcha.otf"; path = "../src/fonts/Milky Matcha.otf"; sourceTree = "<group>"; fileEncoding = undefined; lastKnownFileType = unknown; explicitFileType = undefined; includeInIndex = 0; };
		34CBAF54B93A41ECBB468E40 /* AntDesign.ttf */ = {isa = PBXFileReference; name = "AntDesign.ttf"; path = "../node_modules/react-native-vector-icons/Fonts/AntDesign.ttf"; sourceTree = "<group>"; fileEncoding = undefined; lastKnownFileType = unknown; explicitFileType = undefined; includeInIndex = 0; };
		1026F6A35FFF485EA7D16057 /* Entypo.ttf */ = {isa = PBXFileReference; name = "Entypo.ttf"; path = "../node_modules/react-native-vector-icons/Fonts/Entypo.ttf"; sourceTree = "<group>"; fileEncoding = undefined; lastKnownFileType = unknown; explicitFileType = undefined; includeInIndex = 0; };
		FA867FB9EFEE4E3AB1E6640D /* EvilIcons.ttf */ = {isa = PBXFileReference; name = "EvilIcons.ttf"; path = "../node_modules/react-native-vector-icons/Fonts/EvilIcons.ttf"; sourceTree = "<group>"; fileEncoding = undefined; lastKnownFileType = unknown; explicitFileType = undefined; includeInIndex = 0; };
		41AEC4EE13764BF58B4668FD /* Feather.ttf */ = {isa = PBXFileReference; name = "Feather.ttf"; path = "../node_modules/react-native-vector-icons/Fonts/Feather.ttf"; sourceTree = "<group>"; fileEncoding = undefined; lastKnownFileType = unknown; explicitFileType = undefined; includeInIndex = 0; };
		7F16A10E51144622889BE25C /* FontAwesome.ttf */ = {isa = PBXFileReference; name = "FontAwesome.ttf"; path = "../node_modules/react-native-vector-icons/Fonts/FontAwesome.ttf"; sourceTree = "<group>"; fileEncoding = undefined; lastKnownFileType = unknown; explicitFileType = undefined; includeInIndex = 0; };
		1B1906E631D542BCAC9029B7 /* FontAwesome5_Brands.ttf */ = {isa = PBXFileReference; name = "FontAwesome5_Brands.ttf"; path = "../node_modules/react-native-vector-icons/Fonts/FontAwesome5_Brands.ttf"; sourceTree = "<group>"; fileEncoding = undefined; lastKnownFileType = unknown; explicitFileType = undefined; includeInIndex = 0; };
		C57F3056E9E24DFA8580B652 /* FontAwesome5_Regular.ttf */ = {isa = PBXFileReference; name = "FontAwesome5_Regular.ttf"; path = "../node_modules/react-native-vector-icons/Fonts/FontAwesome5_Regular.ttf"; sourceTree = "<group>"; fileEncoding = undefined; lastKnownFileType = unknown; explicitFileType = undefined; includeInIndex = 0; };
		E1A64292584F4DD3A6D30CCF /* FontAwesome5_Solid.ttf */ = {isa = PBXFileReference; name = "FontAwesome5_Solid.ttf"; path = "../node_modules/react-native-vector-icons/Fonts/FontAwesome5_Solid.ttf"; sourceTree = "<group>"; fileEncoding = undefined; lastKnownFileType = unknown; explicitFileType = undefined; includeInIndex = 0; };
		C53E4DE300704FEC8E29FF43 /* Fontisto.ttf */ = {isa = PBXFileReference; name = "Fontisto.ttf"; path = "../node_modules/react-native-vector-icons/Fonts/Fontisto.ttf"; sourceTree = "<group>"; fileEncoding = undefined; lastKnownFileType = unknown; explicitFileType = undefined; includeInIndex = 0; };
		356C8480FD31476EAEAB431D /* Foundation.ttf */ = {isa = PBXFileReference; name = "Foundation.ttf"; path = "../node_modules/react-native-vector-icons/Fonts/Foundation.ttf"; sourceTree = "<group>"; fileEncoding = undefined; lastKnownFileType = unknown; explicitFileType = undefined; includeInIndex = 0; };
		1463A26CFD084845B9FA8260 /* Ionicons.ttf */ = {isa = PBXFileReference; name = "Ionicons.ttf"; path = "../node_modules/react-native-vector-icons/Fonts/Ionicons.ttf"; sourceTree = "<group>"; fileEncoding = undefined; lastKnownFileType = unknown; explicitFileType = undefined; includeInIndex = 0; };
		9535B1EBE2D64333A8A02C5F /* MaterialCommunityIcons.ttf */ = {isa = PBXFileReference; name = "MaterialCommunityIcons.ttf"; path = "../node_modules/react-native-vector-icons/Fonts/MaterialCommunityIcons.ttf"; sourceTree = "<group>"; fileEncoding = undefined; lastKnownFileType = unknown; explicitFileType = undefined; includeInIndex = 0; };
		7342352795A0424BAC3321A1 /* MaterialIcons.ttf */ = {isa = PBXFileReference; name = "MaterialIcons.ttf"; path = "../node_modules/react-native-vector-icons/Fonts/MaterialIcons.ttf"; sourceTree = "<group>"; fileEncoding = undefined; lastKnownFileType = unknown; explicitFileType = undefined; includeInIndex = 0; };
		70CFE7E89BFD436C82A1406D /* Octicons.ttf */ = {isa = PBXFileReference; name = "Octicons.ttf"; path = "../node_modules/react-native-vector-icons/Fonts/Octicons.ttf"; sourceTree = "<group>"; fileEncoding = undefined; lastKnownFileType = unknown; explicitFileType = undefined; includeInIndex = 0; };
		4303186CB01C41A2AB9FC34F /* SimpleLineIcons.ttf */ = {isa = PBXFileReference; name = "SimpleLineIcons.ttf"; path = "../node_modules/react-native-vector-icons/Fonts/SimpleLineIcons.ttf"; sourceTree = "<group>"; fileEncoding = undefined; lastKnownFileType = unknown; explicitFileType = undefined; includeInIndex = 0; };
		6603CAB5CB0C4D3182230C0E /* Zocial.ttf */ = {isa = PBXFileReference; name = "Zocial.ttf"; path = "../node_modules/react-native-vector-icons/Fonts/Zocial.ttf"; sourceTree = "<group>"; fileEncoding = undefined; lastKnownFileType = unknown; explicitFileType = undefined; includeInIndex = 0; };
		3A8A8C01A39449A7898A3D3E /* Champagne-Bold.ttf */ = {isa = PBXFileReference; name = "Champagne-Bold.ttf"; path = "../src/fonts/Champagne-Bold.ttf"; sourceTree = "<group>"; fileEncoding = undefined; lastKnownFileType = unknown; explicitFileType = undefined; includeInIndex = 0; };
		6EF7AAB6DA564A5AAF3DA8C5 /* Champagne-BoldItalic.ttf */ = {isa = PBXFileReference; name = "Champagne-BoldItalic.ttf"; path = "../src/fonts/Champagne-BoldItalic.ttf"; sourceTree = "<group>"; fileEncoding = undefined; lastKnownFileType = unknown; explicitFileType = undefined; includeInIndex = 0; };
		C9CA1AB7A9F34E1B8D10C5DF /* Champagne-Italic.ttf */ = {isa = PBXFileReference; name = "Champagne-Italic.ttf"; path = "../src/fonts/Champagne-Italic.ttf"; sourceTree = "<group>"; fileEncoding = undefined; lastKnownFileType = unknown; explicitFileType = undefined; includeInIndex = 0; };
		38098A68D6AD48C3BC2E6B35 /* Champagne.ttf */ = {isa = PBXFileReference; name = "Champagne.ttf"; path = "../src/fonts/Champagne.ttf"; sourceTree = "<group>"; fileEncoding = undefined; lastKnownFileType = unknown; explicitFileType = undefined; includeInIndex = 0; };
		5C7A4CCEFBDA422BA787A884 /* MilkyMatcha.otf */ = {isa = PBXFileReference; name = "MilkyMatcha.otf"; path = "../src/fonts/MilkyMatcha.otf"; sourceTree = "<group>"; fileEncoding = undefined; lastKnownFileType = unknown; explicitFileType = undefined; includeInIndex = 0; };
		CC065A4C7B6A4A4E8D7AAD89 /* AlexBrush.ttf */ = {isa = PBXFileReference; name = "AlexBrush.ttf"; path = "../src/fonts/AlexBrush.ttf"; sourceTree = "<group>"; fileEncoding = undefined; lastKnownFileType = unknown; explicitFileType = undefined; includeInIndex = 0; };
		7DD3B801ED704461B9086C7D /* bakery.ttf */ = {isa = PBXFileReference; name = "bakery.ttf"; path = "../src/fonts/bakery.ttf"; sourceTree = "<group>"; fileEncoding = undefined; lastKnownFileType = unknown; explicitFileType = undefined; includeInIndex = 0; };
		7BC96999E5B24A60B8CAECFD /* BoxSpagethy-Italic.ttf */ = {isa = PBXFileReference; name = "BoxSpagethy-Italic.ttf"; path = "../src/fonts/BoxSpagethy-Italic.ttf"; sourceTree = "<group>"; fileEncoding = undefined; lastKnownFileType = unknown; explicitFileType = undefined; includeInIndex = 0; };
		C35436DC1D914006869188C8 /* BoxSpagethy.ttf */ = {isa = PBXFileReference; name = "BoxSpagethy.ttf"; path = "../src/fonts/BoxSpagethy.ttf"; sourceTree = "<group>"; fileEncoding = undefined; lastKnownFileType = unknown; explicitFileType = undefined; includeInIndex = 0; };
		8FA4C872A12C42EDAECE319C /* ChocolateCoveredRaindrops-Bold.ttf */ = {isa = PBXFileReference; name = "ChocolateCoveredRaindrops-Bold.ttf"; path = "../src/fonts/ChocolateCoveredRaindrops-Bold.ttf"; sourceTree = "<group>"; fileEncoding = undefined; lastKnownFileType = unknown; explicitFileType = undefined; includeInIndex = 0; };
		8E96CA4AF73C400182A04E02 /* ChocolateCoveredRaindrops.ttf */ = {isa = PBXFileReference; name = "ChocolateCoveredRaindrops.ttf"; path = "../src/fonts/ChocolateCoveredRaindrops.ttf"; sourceTree = "<group>"; fileEncoding = undefined; lastKnownFileType = unknown; explicitFileType = undefined; includeInIndex = 0; };
		FBDC2AD0DDE94FE0ACC370C7 /* Emillisa.ttf */ = {isa = PBXFileReference; name = "Emillisa.ttf"; path = "../src/fonts/Emillisa.ttf"; sourceTree = "<group>"; fileEncoding = undefined; lastKnownFileType = unknown; explicitFileType = undefined; includeInIndex = 0; };
		92D89BEC7EB9434991BCB33D /* EuropeUnderground-Bold.ttf */ = {isa = PBXFileReference; name = "EuropeUnderground-Bold.ttf"; path = "../src/fonts/EuropeUnderground-Bold.ttf"; sourceTree = "<group>"; fileEncoding = undefined; lastKnownFileType = unknown; explicitFileType = undefined; includeInIndex = 0; };
		7AFBEAA2154C4F8784040FC6 /* EuropeUnderground.ttf */ = {isa = PBXFileReference; name = "EuropeUnderground.ttf"; path = "../src/fonts/EuropeUnderground.ttf"; sourceTree = "<group>"; fileEncoding = undefined; lastKnownFileType = unknown; explicitFileType = undefined; includeInIndex = 0; };
		FEEE2F518CF64A20BEC1813C /* MissNelly.ttf */ = {isa = PBXFileReference; name = "MissNelly.ttf"; path = "../src/fonts/MissNelly.ttf"; sourceTree = "<group>"; fileEncoding = undefined; lastKnownFileType = unknown; explicitFileType = undefined; includeInIndex = 0; };
		F9063CFB19E740498F6123CD /* Rubellas.ttf */ = {isa = PBXFileReference; name = "Rubellas.ttf"; path = "../src/fonts/Rubellas.ttf"; sourceTree = "<group>"; fileEncoding = undefined; lastKnownFileType = unknown; explicitFileType = undefined; includeInIndex = 0; };
		16A477271661423FAA441CDB /* TheanoDidot.ttf */ = {isa = PBXFileReference; name = "TheanoDidot.ttf"; path = "../src/fonts/TheanoDidot.ttf"; sourceTree = "<group>"; fileEncoding = undefined; lastKnownFileType = unknown; explicitFileType = undefined; includeInIndex = 0; };
		9E4721A54D8B462DB32502C0 /* WowDarling.ttf */ = {isa = PBXFileReference; name = "WowDarling.ttf"; path = "../src/fonts/WowDarling.ttf"; sourceTree = "<group>"; fileEncoding = undefined; lastKnownFileType = unknown; explicitFileType = undefined; includeInIndex = 0; };
/* End PBXFileReference section */

/* Begin PBXFrameworksBuildPhase section */
		00E356EB1AD99517003FC87E /* Frameworks */ = {
			isa = PBXFrameworksBuildPhase;
			buildActionMask = 2147483647;
			files = (
				D4619780BE6D12E99A59C131 /* libPods-Buca-BucaTests.a in Frameworks */,
			);
			runOnlyForDeploymentPostprocessing = 0;
		};
		13B07F8C1A680F5B00A75B9A /* Frameworks */ = {
			isa = PBXFrameworksBuildPhase;
			buildActionMask = 2147483647;
			files = (
				B2F7ACD04FFF6A3222EA652B /* libPods-Buca.a in Frameworks */,
			);
			runOnlyForDeploymentPostprocessing = 0;
		};
		2D02E4781E0B4A5D006451C7 /* Frameworks */ = {
			isa = PBXFrameworksBuildPhase;
			buildActionMask = 2147483647;
			files = (
				3DD55E9CF2E33AEB4AF5C37E /* libPods-Buca-tvOS.a in Frameworks */,
			);
			runOnlyForDeploymentPostprocessing = 0;
		};
		2D02E48D1E0B4A5D006451C7 /* Frameworks */ = {
			isa = PBXFrameworksBuildPhase;
			buildActionMask = 2147483647;
			files = (
				2A9302376222CD4CAFC94E98 /* libPods-Buca-tvOSTests.a in Frameworks */,
			);
			runOnlyForDeploymentPostprocessing = 0;
		};
/* End PBXFrameworksBuildPhase section */

/* Begin PBXGroup section */
		00E356EF1AD99517003FC87E /* BucaTests */ = {
			isa = PBXGroup;
			children = (
				00E356F21AD99517003FC87E /* BucaTests.m */,
				00E356F01AD99517003FC87E /* Supporting Files */,
			);
			path = BucaTests;
			sourceTree = "<group>";
		};
		00E356F01AD99517003FC87E /* Supporting Files */ = {
			isa = PBXGroup;
			children = (
				00E356F11AD99517003FC87E /* Info.plist */,
			);
			name = "Supporting Files";
			sourceTree = "<group>";
		};
		13B07FAE1A68108700A75B9A /* Buca */ = {
			isa = PBXGroup;
			children = (
				008F07F21AC5B25A0029DE68 /* main.jsbundle */,
				13B07FAF1A68108700A75B9A /* AppDelegate.h */,
				13B07FB01A68108700A75B9A /* AppDelegate.m */,
				13B07FB51A68108700A75B9A /* Images.xcassets */,
				13B07FB61A68108700A75B9A /* Info.plist */,
				81AB9BB72411601600AC10FF /* LaunchScreen.storyboard */,
				13B07FB71A68108700A75B9A /* main.m */,
			);
			name = Buca;
			sourceTree = "<group>";
		};
		2D16E6871FA4F8E400B85C8A /* Frameworks */ = {
			isa = PBXGroup;
			children = (
				ED297162215061F000B7C4FE /* JavaScriptCore.framework */,
				ED2971642150620600B7C4FE /* JavaScriptCore.framework */,
				46866674DF0CCF6E922E344F /* libPods-Buca.a */,
				236EDAA89207F6965BADF2D5 /* libPods-Buca-BucaTests.a */,
				43258222CA556229639A4DB1 /* libPods-Buca-tvOS.a */,
				1949EF2C6AEA96E95ED7D95F /* libPods-Buca-tvOSTests.a */,
			);
			name = Frameworks;
			sourceTree = "<group>";
		};
		3802B9447E3B38249E8FFB45 /* Pods */ = {
			isa = PBXGroup;
			children = (
				3298951A62502B0B8698CD6D /* Pods-Buca.debug.xcconfig */,
				21954595729A66224E891DC0 /* Pods-Buca.release.xcconfig */,
				9F0CF0D708AAEC91391A2A4C /* Pods-Buca-BucaTests.debug.xcconfig */,
				53E1A144AB4457135138796E /* Pods-Buca-BucaTests.release.xcconfig */,
				964EFC1FC511FD50FC133F2F /* Pods-Buca-tvOS.debug.xcconfig */,
				B69541F7C7D580C4FD49D561 /* Pods-Buca-tvOS.release.xcconfig */,
				0F1164262A464AFB4DC03415 /* Pods-Buca-tvOSTests.debug.xcconfig */,
				F55FB6F0472734227544917F /* Pods-Buca-tvOSTests.release.xcconfig */,
			);
			path = Pods;
			sourceTree = "<group>";
		};
		832341AE1AAA6A7D00B99B32 /* Libraries */ = {
			isa = PBXGroup;
			children = (
			);
			name = Libraries;
			sourceTree = "<group>";
		};
		83CBB9F61A601CBA00E9B192 = {
			isa = PBXGroup;
			children = (
				896924EF25A8B0C2003FE6F3 /* File.swift */,
				13B07FAE1A68108700A75B9A /* Buca */,
				832341AE1AAA6A7D00B99B32 /* Libraries */,
				00E356EF1AD99517003FC87E /* BucaTests */,
				83CBBA001A601CBA00E9B192 /* Products */,
				2D16E6871FA4F8E400B85C8A /* Frameworks */,
				3802B9447E3B38249E8FFB45 /* Pods */,
				896924EE25A8B0C1003FE6F3 /* Buca-Bridging-Header.h */,
				21DF65E5A3CE4C8A98C2BC92 /* Resources */,
			);
			indentWidth = 2;
			sourceTree = "<group>";
			tabWidth = 2;
			usesTabs = 0;
		};
		83CBBA001A601CBA00E9B192 /* Products */ = {
			isa = PBXGroup;
			children = (
				13B07F961A680F5B00A75B9A /* Buca.app */,
				00E356EE1AD99517003FC87E /* BucaTests.xctest */,
				2D02E47B1E0B4A5D006451C7 /* Buca-tvOS.app */,
				2D02E4901E0B4A5D006451C7 /* Buca-tvOSTests.xctest */,
			);
			name = Products;
			sourceTree = "<group>";
		};
		21DF65E5A3CE4C8A98C2BC92 /* Resources */ = {
			isa = "PBXGroup";
			children = (
				FEC6991DCA2940B1A75A5A35 /* Champagne & Limousines Bold Italic.ttf */,
				68FA9D823C9944B2A9238010 /* Champagne & Limousines Bold.ttf */,
				F03F2941356D4794B3B34BE8 /* Champagne & Limousines Italic.ttf */,
				A987DEA5D1154B6D865C86A5 /* Champagne & Limousines.ttf */,
				7C0C19EE60184DC8A74068CB /* ChopinScript.ttf */,
				2750919893024740A150513A /* Milky Matcha.otf */,
				34CBAF54B93A41ECBB468E40 /* AntDesign.ttf */,
				1026F6A35FFF485EA7D16057 /* Entypo.ttf */,
				FA867FB9EFEE4E3AB1E6640D /* EvilIcons.ttf */,
				41AEC4EE13764BF58B4668FD /* Feather.ttf */,
				7F16A10E51144622889BE25C /* FontAwesome.ttf */,
				1B1906E631D542BCAC9029B7 /* FontAwesome5_Brands.ttf */,
				C57F3056E9E24DFA8580B652 /* FontAwesome5_Regular.ttf */,
				E1A64292584F4DD3A6D30CCF /* FontAwesome5_Solid.ttf */,
				C53E4DE300704FEC8E29FF43 /* Fontisto.ttf */,
				356C8480FD31476EAEAB431D /* Foundation.ttf */,
				1463A26CFD084845B9FA8260 /* Ionicons.ttf */,
				9535B1EBE2D64333A8A02C5F /* MaterialCommunityIcons.ttf */,
				7342352795A0424BAC3321A1 /* MaterialIcons.ttf */,
				70CFE7E89BFD436C82A1406D /* Octicons.ttf */,
				4303186CB01C41A2AB9FC34F /* SimpleLineIcons.ttf */,
				6603CAB5CB0C4D3182230C0E /* Zocial.ttf */,
				3A8A8C01A39449A7898A3D3E /* Champagne-Bold.ttf */,
				6EF7AAB6DA564A5AAF3DA8C5 /* Champagne-BoldItalic.ttf */,
				C9CA1AB7A9F34E1B8D10C5DF /* Champagne-Italic.ttf */,
				38098A68D6AD48C3BC2E6B35 /* Champagne.ttf */,
				5C7A4CCEFBDA422BA787A884 /* MilkyMatcha.otf */,
				CC065A4C7B6A4A4E8D7AAD89 /* AlexBrush.ttf */,
				7DD3B801ED704461B9086C7D /* bakery.ttf */,
				7BC96999E5B24A60B8CAECFD /* BoxSpagethy-Italic.ttf */,
				C35436DC1D914006869188C8 /* BoxSpagethy.ttf */,
				8FA4C872A12C42EDAECE319C /* ChocolateCoveredRaindrops-Bold.ttf */,
				8E96CA4AF73C400182A04E02 /* ChocolateCoveredRaindrops.ttf */,
				FBDC2AD0DDE94FE0ACC370C7 /* Emillisa.ttf */,
				92D89BEC7EB9434991BCB33D /* EuropeUnderground-Bold.ttf */,
				7AFBEAA2154C4F8784040FC6 /* EuropeUnderground.ttf */,
				FEEE2F518CF64A20BEC1813C /* MissNelly.ttf */,
				F9063CFB19E740498F6123CD /* Rubellas.ttf */,
				16A477271661423FAA441CDB /* TheanoDidot.ttf */,
				9E4721A54D8B462DB32502C0 /* WowDarling.ttf */,
			);
			name = Resources;
			sourceTree = "<group>";
			path = "";
		};
/* End PBXGroup section */

/* Begin PBXNativeTarget section */
		00E356ED1AD99517003FC87E /* BucaTests */ = {
			isa = PBXNativeTarget;
			buildConfigurationList = 00E357021AD99517003FC87E /* Build configuration list for PBXNativeTarget "BucaTests" */;
			buildPhases = (
				CFB222EBD9C9494996671605 /* [CP] Check Pods Manifest.lock */,
				00E356EA1AD99517003FC87E /* Sources */,
				00E356EB1AD99517003FC87E /* Frameworks */,
				00E356EC1AD99517003FC87E /* Resources */,
				952EBECAA15B138E115F6B27 /* [CP] Copy Pods Resources */,
			);
			buildRules = (
			);
			dependencies = (
				00E356F51AD99517003FC87E /* PBXTargetDependency */,
			);
			name = BucaTests;
			productName = BucaTests;
			productReference = 00E356EE1AD99517003FC87E /* BucaTests.xctest */;
			productType = "com.apple.product-type.bundle.unit-test";
		};
		13B07F861A680F5B00A75B9A /* Buca */ = {
			isa = PBXNativeTarget;
			buildConfigurationList = 13B07F931A680F5B00A75B9A /* Build configuration list for PBXNativeTarget "Buca" */;
			buildPhases = (
				113D3592F4C7D9BB4D0D8E6A /* [CP] Check Pods Manifest.lock */,
				FD10A7F022414F080027D42C /* Start Packager */,
				13B07F871A680F5B00A75B9A /* Sources */,
				13B07F8C1A680F5B00A75B9A /* Frameworks */,
				13B07F8E1A680F5B00A75B9A /* Resources */,
				00DD1BFF1BD5951E006B06BC /* Bundle React Native code and images */,
				02B993D4E583405D8205BD84 /* [CP] Copy Pods Resources */,
			);
			buildRules = (
			);
			dependencies = (
			);
			name = Buca;
			productName = Buca;
			productReference = 13B07F961A680F5B00A75B9A /* Buca.app */;
			productType = "com.apple.product-type.application";
		};
		2D02E47A1E0B4A5D006451C7 /* Buca-tvOS */ = {
			isa = PBXNativeTarget;
			buildConfigurationList = 2D02E4BA1E0B4A5E006451C7 /* Build configuration list for PBXNativeTarget "Buca-tvOS" */;
			buildPhases = (
				2A20A57F208C7D2F157010DD /* [CP] Check Pods Manifest.lock */,
				FD10A7F122414F3F0027D42C /* Start Packager */,
				2D02E4771E0B4A5D006451C7 /* Sources */,
				2D02E4781E0B4A5D006451C7 /* Frameworks */,
				2D02E4791E0B4A5D006451C7 /* Resources */,
				2D02E4CB1E0B4B27006451C7 /* Bundle React Native Code And Images */,
			);
			buildRules = (
			);
			dependencies = (
			);
			name = "Buca-tvOS";
			productName = "Buca-tvOS";
			productReference = 2D02E47B1E0B4A5D006451C7 /* Buca-tvOS.app */;
			productType = "com.apple.product-type.application";
		};
		2D02E48F1E0B4A5D006451C7 /* Buca-tvOSTests */ = {
			isa = PBXNativeTarget;
			buildConfigurationList = 2D02E4BB1E0B4A5E006451C7 /* Build configuration list for PBXNativeTarget "Buca-tvOSTests" */;
			buildPhases = (
				1508A3D444F134DF9F3DD730 /* [CP] Check Pods Manifest.lock */,
				2D02E48C1E0B4A5D006451C7 /* Sources */,
				2D02E48D1E0B4A5D006451C7 /* Frameworks */,
				2D02E48E1E0B4A5D006451C7 /* Resources */,
			);
			buildRules = (
			);
			dependencies = (
				2D02E4921E0B4A5D006451C7 /* PBXTargetDependency */,
			);
			name = "Buca-tvOSTests";
			productName = "Buca-tvOSTests";
			productReference = 2D02E4901E0B4A5D006451C7 /* Buca-tvOSTests.xctest */;
			productType = "com.apple.product-type.bundle.unit-test";
		};
/* End PBXNativeTarget section */

/* Begin PBXProject section */
		83CBB9F71A601CBA00E9B192 /* Project object */ = {
			isa = PBXProject;
			attributes = {
				LastUpgradeCheck = 1130;
				TargetAttributes = {
					00E356ED1AD99517003FC87E = {
						CreatedOnToolsVersion = 6.2;
						TestTargetID = 13B07F861A680F5B00A75B9A;
					};
					13B07F861A680F5B00A75B9A = {
						DevelopmentTeam = 4Y43A52ZV9;
						LastSwiftMigration = 1230;
						ProvisioningStyle = Automatic;
					};
					2D02E47A1E0B4A5D006451C7 = {
						CreatedOnToolsVersion = 8.2.1;
						ProvisioningStyle = Automatic;
					};
					2D02E48F1E0B4A5D006451C7 = {
						CreatedOnToolsVersion = 8.2.1;
						ProvisioningStyle = Automatic;
						TestTargetID = 2D02E47A1E0B4A5D006451C7;
					};
				};
			};
			buildConfigurationList = 83CBB9FA1A601CBA00E9B192 /* Build configuration list for PBXProject "Buca" */;
			compatibilityVersion = "Xcode 3.2";
			developmentRegion = en;
			hasScannedForEncodings = 0;
			knownRegions = (
				en,
				Base,
			);
			mainGroup = 83CBB9F61A601CBA00E9B192;
			productRefGroup = 83CBBA001A601CBA00E9B192 /* Products */;
			projectDirPath = "";
			projectRoot = "";
			targets = (
				13B07F861A680F5B00A75B9A /* Buca */,
				00E356ED1AD99517003FC87E /* BucaTests */,
				2D02E47A1E0B4A5D006451C7 /* Buca-tvOS */,
				2D02E48F1E0B4A5D006451C7 /* Buca-tvOSTests */,
			);
		};
/* End PBXProject section */

/* Begin PBXResourcesBuildPhase section */
		00E356EC1AD99517003FC87E /* Resources */ = {
			isa = PBXResourcesBuildPhase;
			buildActionMask = 2147483647;
			files = (
			);
			runOnlyForDeploymentPostprocessing = 0;
		};
		13B07F8E1A680F5B00A75B9A /* Resources */ = {
			isa = PBXResourcesBuildPhase;
			buildActionMask = 2147483647;
			files = (
				81AB9BB82411601600AC10FF /* LaunchScreen.storyboard in Resources */,
				13B07FBF1A68108700A75B9A /* Images.xcassets in Resources */,
				3D4E42DD23F344EDBFCC87F1 /* Champagne & Limousines Bold Italic.ttf in Resources */,
				E97F252C2E0248F598E6CCD7 /* Champagne & Limousines Bold.ttf in Resources */,
				8D42319D5676428287B9B9F1 /* Champagne & Limousines Italic.ttf in Resources */,
				98BAFE22B0F744D8A50E02FA /* Champagne & Limousines.ttf in Resources */,
				4140AACE0826418E9FF18041 /* ChopinScript.ttf in Resources */,
				441B47E231774684BD9C404E /* Milky Matcha.otf in Resources */,
				6620BB50E095459C824CF3F8 /* AntDesign.ttf in Resources */,
				5D59419889E349A4A8364EFE /* Entypo.ttf in Resources */,
				F579D956A30D41FFBFA8527C /* EvilIcons.ttf in Resources */,
				4068A73C13074D87B394C686 /* Feather.ttf in Resources */,
				16BBCC02FDEA44ACA92B46AF /* FontAwesome.ttf in Resources */,
				4FD4E8622A0F4405AC340D88 /* FontAwesome5_Brands.ttf in Resources */,
				7DD161DE25C64293BA66E839 /* FontAwesome5_Regular.ttf in Resources */,
				9D32723C809845B1BE982EB1 /* FontAwesome5_Solid.ttf in Resources */,
				12B24E6ADF9944BA8D2D3B0F /* Fontisto.ttf in Resources */,
				236A007F6FA14C8BA3FE65EB /* Foundation.ttf in Resources */,
				567CD3D91E054458A3324FB9 /* Ionicons.ttf in Resources */,
				75D1429BF6574E19965F85A4 /* MaterialCommunityIcons.ttf in Resources */,
				1A401B31D4F945DB950D5DFA /* MaterialIcons.ttf in Resources */,
				4EB410242BF14C55B177C03A /* Octicons.ttf in Resources */,
				C8C36E7E988E479A9C50B067 /* SimpleLineIcons.ttf in Resources */,
				5247FA11205A4D869E13ADC5 /* Zocial.ttf in Resources */,
				12BCE6E8A62B446A8E3D97D4 /* Champagne-Bold.ttf in Resources */,
				5930597E126043078DC6F586 /* Champagne-BoldItalic.ttf in Resources */,
				42E6B52B74374CCDB2D68D7C /* Champagne-Italic.ttf in Resources */,
				1E8075B9BF444778A0FC6FC4 /* Champagne.ttf in Resources */,
				4073215EEC0442FF90B48B43 /* MilkyMatcha.otf in Resources */,
				D0784372797D4AA18ACE3881 /* AlexBrush.ttf in Resources */,
				B467477F40ED426DBE3C96C5 /* bakery.ttf in Resources */,
				49B2BA91CCEE412186C7297B /* BoxSpagethy-Italic.ttf in Resources */,
				32AE74A026B14C00A96D219C /* BoxSpagethy.ttf in Resources */,
				AFC2243E20C6497F9D7F46FC /* ChocolateCoveredRaindrops-Bold.ttf in Resources */,
				FE90ED4335D943FAA0164630 /* ChocolateCoveredRaindrops.ttf in Resources */,
				20255248B5F0419DB52BE394 /* Emillisa.ttf in Resources */,
				649F370B392E4A029786449C /* EuropeUnderground-Bold.ttf in Resources */,
				D856EA9E40F14E458F971705 /* EuropeUnderground.ttf in Resources */,
				CD43D3C61291420382AC3CAF /* MissNelly.ttf in Resources */,
				959FFC05835A4D31A3C3938F /* Rubellas.ttf in Resources */,
				667C8385E4BC4BCCA6120754 /* TheanoDidot.ttf in Resources */,
				3FCE1E5ADD1D4DEE9E3761B6 /* WowDarling.ttf in Resources */,
			);
			runOnlyForDeploymentPostprocessing = 0;
		};
		2D02E4791E0B4A5D006451C7 /* Resources */ = {
			isa = PBXResourcesBuildPhase;
			buildActionMask = 2147483647;
			files = (
				2D02E4BD1E0B4A84006451C7 /* Images.xcassets in Resources */,
			);
			runOnlyForDeploymentPostprocessing = 0;
		};
		2D02E48E1E0B4A5D006451C7 /* Resources */ = {
			isa = PBXResourcesBuildPhase;
			buildActionMask = 2147483647;
			files = (
			);
			runOnlyForDeploymentPostprocessing = 0;
		};
/* End PBXResourcesBuildPhase section */

/* Begin PBXShellScriptBuildPhase section */
		00DD1BFF1BD5951E006B06BC /* Bundle React Native code and images */ = {
			isa = PBXShellScriptBuildPhase;
			buildActionMask = 2147483647;
			files = (
			);
			inputPaths = (
			);
			name = "Bundle React Native code and images";
			outputPaths = (
			);
			runOnlyForDeploymentPostprocessing = 0;
			shellPath = /bin/sh;
			shellScript = "export NODE_BINARY=node\n../node_modules/react-native/scripts/react-native-xcode.sh";
		};
		02B993D4E583405D8205BD84 /* [CP] Copy Pods Resources */ = {
			isa = PBXShellScriptBuildPhase;
			buildActionMask = 2147483647;
			files = (
			);
			inputPaths = (
				"${PODS_ROOT}/Target Support Files/Pods-Buca/Pods-Buca-resources.sh",
				"${PODS_ROOT}/FBSDKCoreKit/FacebookSDKStrings.bundle",
				"${PODS_ROOT}/GoogleSignIn/Resources/GoogleSignIn.bundle",
				"${PODS_ROOT}/../../node_modules/react-native-vector-icons/Fonts/AntDesign.ttf",
				"${PODS_ROOT}/../../node_modules/react-native-vector-icons/Fonts/Entypo.ttf",
				"${PODS_ROOT}/../../node_modules/react-native-vector-icons/Fonts/EvilIcons.ttf",
				"${PODS_ROOT}/../../node_modules/react-native-vector-icons/Fonts/Feather.ttf",
				"${PODS_ROOT}/../../node_modules/react-native-vector-icons/Fonts/FontAwesome.ttf",
				"${PODS_ROOT}/../../node_modules/react-native-vector-icons/Fonts/FontAwesome5_Brands.ttf",
				"${PODS_ROOT}/../../node_modules/react-native-vector-icons/Fonts/FontAwesome5_Regular.ttf",
				"${PODS_ROOT}/../../node_modules/react-native-vector-icons/Fonts/FontAwesome5_Solid.ttf",
				"${PODS_ROOT}/../../node_modules/react-native-vector-icons/Fonts/Fontisto.ttf",
				"${PODS_ROOT}/../../node_modules/react-native-vector-icons/Fonts/Foundation.ttf",
				"${PODS_ROOT}/../../node_modules/react-native-vector-icons/Fonts/Ionicons.ttf",
				"${PODS_ROOT}/../../node_modules/react-native-vector-icons/Fonts/MaterialCommunityIcons.ttf",
				"${PODS_ROOT}/../../node_modules/react-native-vector-icons/Fonts/MaterialIcons.ttf",
				"${PODS_ROOT}/../../node_modules/react-native-vector-icons/Fonts/Octicons.ttf",
				"${PODS_ROOT}/../../node_modules/react-native-vector-icons/Fonts/SimpleLineIcons.ttf",
				"${PODS_ROOT}/../../node_modules/react-native-vector-icons/Fonts/Zocial.ttf",
				"${PODS_CONFIGURATION_BUILD_DIR}/React-Core/AccessibilityResources.bundle",
			);
			name = "[CP] Copy Pods Resources";
			outputPaths = (
				"${TARGET_BUILD_DIR}/${UNLOCALIZED_RESOURCES_FOLDER_PATH}/FacebookSDKStrings.bundle",
				"${TARGET_BUILD_DIR}/${UNLOCALIZED_RESOURCES_FOLDER_PATH}/GoogleSignIn.bundle",
				"${TARGET_BUILD_DIR}/${UNLOCALIZED_RESOURCES_FOLDER_PATH}/AntDesign.ttf",
				"${TARGET_BUILD_DIR}/${UNLOCALIZED_RESOURCES_FOLDER_PATH}/Entypo.ttf",
				"${TARGET_BUILD_DIR}/${UNLOCALIZED_RESOURCES_FOLDER_PATH}/EvilIcons.ttf",
				"${TARGET_BUILD_DIR}/${UNLOCALIZED_RESOURCES_FOLDER_PATH}/Feather.ttf",
				"${TARGET_BUILD_DIR}/${UNLOCALIZED_RESOURCES_FOLDER_PATH}/FontAwesome.ttf",
				"${TARGET_BUILD_DIR}/${UNLOCALIZED_RESOURCES_FOLDER_PATH}/FontAwesome5_Brands.ttf",
				"${TARGET_BUILD_DIR}/${UNLOCALIZED_RESOURCES_FOLDER_PATH}/FontAwesome5_Regular.ttf",
				"${TARGET_BUILD_DIR}/${UNLOCALIZED_RESOURCES_FOLDER_PATH}/FontAwesome5_Solid.ttf",
				"${TARGET_BUILD_DIR}/${UNLOCALIZED_RESOURCES_FOLDER_PATH}/Fontisto.ttf",
				"${TARGET_BUILD_DIR}/${UNLOCALIZED_RESOURCES_FOLDER_PATH}/Foundation.ttf",
				"${TARGET_BUILD_DIR}/${UNLOCALIZED_RESOURCES_FOLDER_PATH}/Ionicons.ttf",
				"${TARGET_BUILD_DIR}/${UNLOCALIZED_RESOURCES_FOLDER_PATH}/MaterialCommunityIcons.ttf",
				"${TARGET_BUILD_DIR}/${UNLOCALIZED_RESOURCES_FOLDER_PATH}/MaterialIcons.ttf",
				"${TARGET_BUILD_DIR}/${UNLOCALIZED_RESOURCES_FOLDER_PATH}/Octicons.ttf",
				"${TARGET_BUILD_DIR}/${UNLOCALIZED_RESOURCES_FOLDER_PATH}/SimpleLineIcons.ttf",
				"${TARGET_BUILD_DIR}/${UNLOCALIZED_RESOURCES_FOLDER_PATH}/Zocial.ttf",
				"${TARGET_BUILD_DIR}/${UNLOCALIZED_RESOURCES_FOLDER_PATH}/AccessibilityResources.bundle",
			);
			runOnlyForDeploymentPostprocessing = 0;
			shellPath = /bin/sh;
			shellScript = "\"${PODS_ROOT}/Target Support Files/Pods-Buca/Pods-Buca-resources.sh\"\n";
			showEnvVarsInLog = 0;
		};
		113D3592F4C7D9BB4D0D8E6A /* [CP] Check Pods Manifest.lock */ = {
			isa = PBXShellScriptBuildPhase;
			buildActionMask = 2147483647;
			files = (
			);
			inputFileListPaths = (
			);
			inputPaths = (
				"${PODS_PODFILE_DIR_PATH}/Podfile.lock",
				"${PODS_ROOT}/Manifest.lock",
			);
			name = "[CP] Check Pods Manifest.lock";
			outputFileListPaths = (
			);
			outputPaths = (
				"$(DERIVED_FILE_DIR)/Pods-Buca-checkManifestLockResult.txt",
			);
			runOnlyForDeploymentPostprocessing = 0;
			shellPath = /bin/sh;
			shellScript = "diff \"${PODS_PODFILE_DIR_PATH}/Podfile.lock\" \"${PODS_ROOT}/Manifest.lock\" > /dev/null\nif [ $? != 0 ] ; then\n    # print error to STDERR\n    echo \"error: The sandbox is not in sync with the Podfile.lock. Run 'pod install' or update your CocoaPods installation.\" >&2\n    exit 1\nfi\n# This output is used by Xcode 'outputs' to avoid re-running this script phase.\necho \"SUCCESS\" > \"${SCRIPT_OUTPUT_FILE_0}\"\n";
			showEnvVarsInLog = 0;
		};
		1508A3D444F134DF9F3DD730 /* [CP] Check Pods Manifest.lock */ = {
			isa = PBXShellScriptBuildPhase;
			buildActionMask = 2147483647;
			files = (
			);
			inputFileListPaths = (
			);
			inputPaths = (
				"${PODS_PODFILE_DIR_PATH}/Podfile.lock",
				"${PODS_ROOT}/Manifest.lock",
			);
			name = "[CP] Check Pods Manifest.lock";
			outputFileListPaths = (
			);
			outputPaths = (
				"$(DERIVED_FILE_DIR)/Pods-Buca-tvOSTests-checkManifestLockResult.txt",
			);
			runOnlyForDeploymentPostprocessing = 0;
			shellPath = /bin/sh;
			shellScript = "diff \"${PODS_PODFILE_DIR_PATH}/Podfile.lock\" \"${PODS_ROOT}/Manifest.lock\" > /dev/null\nif [ $? != 0 ] ; then\n    # print error to STDERR\n    echo \"error: The sandbox is not in sync with the Podfile.lock. Run 'pod install' or update your CocoaPods installation.\" >&2\n    exit 1\nfi\n# This output is used by Xcode 'outputs' to avoid re-running this script phase.\necho \"SUCCESS\" > \"${SCRIPT_OUTPUT_FILE_0}\"\n";
			showEnvVarsInLog = 0;
		};
		2A20A57F208C7D2F157010DD /* [CP] Check Pods Manifest.lock */ = {
			isa = PBXShellScriptBuildPhase;
			buildActionMask = 2147483647;
			files = (
			);
			inputFileListPaths = (
			);
			inputPaths = (
				"${PODS_PODFILE_DIR_PATH}/Podfile.lock",
				"${PODS_ROOT}/Manifest.lock",
			);
			name = "[CP] Check Pods Manifest.lock";
			outputFileListPaths = (
			);
			outputPaths = (
				"$(DERIVED_FILE_DIR)/Pods-Buca-tvOS-checkManifestLockResult.txt",
			);
			runOnlyForDeploymentPostprocessing = 0;
			shellPath = /bin/sh;
			shellScript = "diff \"${PODS_PODFILE_DIR_PATH}/Podfile.lock\" \"${PODS_ROOT}/Manifest.lock\" > /dev/null\nif [ $? != 0 ] ; then\n    # print error to STDERR\n    echo \"error: The sandbox is not in sync with the Podfile.lock. Run 'pod install' or update your CocoaPods installation.\" >&2\n    exit 1\nfi\n# This output is used by Xcode 'outputs' to avoid re-running this script phase.\necho \"SUCCESS\" > \"${SCRIPT_OUTPUT_FILE_0}\"\n";
			showEnvVarsInLog = 0;
		};
		2D02E4CB1E0B4B27006451C7 /* Bundle React Native Code And Images */ = {
			isa = PBXShellScriptBuildPhase;
			buildActionMask = 2147483647;
			files = (
			);
			inputPaths = (
			);
			name = "Bundle React Native Code And Images";
			outputPaths = (
			);
			runOnlyForDeploymentPostprocessing = 0;
			shellPath = /bin/sh;
			shellScript = "export NODE_BINARY=node\n../node_modules/react-native/scripts/react-native-xcode.sh";
		};
		952EBECAA15B138E115F6B27 /* [CP] Copy Pods Resources */ = {
			isa = PBXShellScriptBuildPhase;
			buildActionMask = 2147483647;
			files = (
			);
			inputPaths = (
				"${PODS_ROOT}/Target Support Files/Pods-Buca-BucaTests/Pods-Buca-BucaTests-resources.sh",
				"${PODS_ROOT}/FBSDKCoreKit/FacebookSDKStrings.bundle",
				"${PODS_ROOT}/GoogleSignIn/Resources/GoogleSignIn.bundle",
				"${PODS_ROOT}/../../node_modules/react-native-vector-icons/Fonts/AntDesign.ttf",
				"${PODS_ROOT}/../../node_modules/react-native-vector-icons/Fonts/Entypo.ttf",
				"${PODS_ROOT}/../../node_modules/react-native-vector-icons/Fonts/EvilIcons.ttf",
				"${PODS_ROOT}/../../node_modules/react-native-vector-icons/Fonts/Feather.ttf",
				"${PODS_ROOT}/../../node_modules/react-native-vector-icons/Fonts/FontAwesome.ttf",
				"${PODS_ROOT}/../../node_modules/react-native-vector-icons/Fonts/FontAwesome5_Brands.ttf",
				"${PODS_ROOT}/../../node_modules/react-native-vector-icons/Fonts/FontAwesome5_Regular.ttf",
				"${PODS_ROOT}/../../node_modules/react-native-vector-icons/Fonts/FontAwesome5_Solid.ttf",
				"${PODS_ROOT}/../../node_modules/react-native-vector-icons/Fonts/Fontisto.ttf",
				"${PODS_ROOT}/../../node_modules/react-native-vector-icons/Fonts/Foundation.ttf",
				"${PODS_ROOT}/../../node_modules/react-native-vector-icons/Fonts/Ionicons.ttf",
				"${PODS_ROOT}/../../node_modules/react-native-vector-icons/Fonts/MaterialCommunityIcons.ttf",
				"${PODS_ROOT}/../../node_modules/react-native-vector-icons/Fonts/MaterialIcons.ttf",
				"${PODS_ROOT}/../../node_modules/react-native-vector-icons/Fonts/Octicons.ttf",
				"${PODS_ROOT}/../../node_modules/react-native-vector-icons/Fonts/SimpleLineIcons.ttf",
				"${PODS_ROOT}/../../node_modules/react-native-vector-icons/Fonts/Zocial.ttf",
				"${PODS_CONFIGURATION_BUILD_DIR}/React-Core/AccessibilityResources.bundle",
			);
			name = "[CP] Copy Pods Resources";
			outputPaths = (
				"${TARGET_BUILD_DIR}/${UNLOCALIZED_RESOURCES_FOLDER_PATH}/FacebookSDKStrings.bundle",
				"${TARGET_BUILD_DIR}/${UNLOCALIZED_RESOURCES_FOLDER_PATH}/GoogleSignIn.bundle",
				"${TARGET_BUILD_DIR}/${UNLOCALIZED_RESOURCES_FOLDER_PATH}/AntDesign.ttf",
				"${TARGET_BUILD_DIR}/${UNLOCALIZED_RESOURCES_FOLDER_PATH}/Entypo.ttf",
				"${TARGET_BUILD_DIR}/${UNLOCALIZED_RESOURCES_FOLDER_PATH}/EvilIcons.ttf",
				"${TARGET_BUILD_DIR}/${UNLOCALIZED_RESOURCES_FOLDER_PATH}/Feather.ttf",
				"${TARGET_BUILD_DIR}/${UNLOCALIZED_RESOURCES_FOLDER_PATH}/FontAwesome.ttf",
				"${TARGET_BUILD_DIR}/${UNLOCALIZED_RESOURCES_FOLDER_PATH}/FontAwesome5_Brands.ttf",
				"${TARGET_BUILD_DIR}/${UNLOCALIZED_RESOURCES_FOLDER_PATH}/FontAwesome5_Regular.ttf",
				"${TARGET_BUILD_DIR}/${UNLOCALIZED_RESOURCES_FOLDER_PATH}/FontAwesome5_Solid.ttf",
				"${TARGET_BUILD_DIR}/${UNLOCALIZED_RESOURCES_FOLDER_PATH}/Fontisto.ttf",
				"${TARGET_BUILD_DIR}/${UNLOCALIZED_RESOURCES_FOLDER_PATH}/Foundation.ttf",
				"${TARGET_BUILD_DIR}/${UNLOCALIZED_RESOURCES_FOLDER_PATH}/Ionicons.ttf",
				"${TARGET_BUILD_DIR}/${UNLOCALIZED_RESOURCES_FOLDER_PATH}/MaterialCommunityIcons.ttf",
				"${TARGET_BUILD_DIR}/${UNLOCALIZED_RESOURCES_FOLDER_PATH}/MaterialIcons.ttf",
				"${TARGET_BUILD_DIR}/${UNLOCALIZED_RESOURCES_FOLDER_PATH}/Octicons.ttf",
				"${TARGET_BUILD_DIR}/${UNLOCALIZED_RESOURCES_FOLDER_PATH}/SimpleLineIcons.ttf",
				"${TARGET_BUILD_DIR}/${UNLOCALIZED_RESOURCES_FOLDER_PATH}/Zocial.ttf",
				"${TARGET_BUILD_DIR}/${UNLOCALIZED_RESOURCES_FOLDER_PATH}/AccessibilityResources.bundle",
			);
			runOnlyForDeploymentPostprocessing = 0;
			shellPath = /bin/sh;
			shellScript = "\"${PODS_ROOT}/Target Support Files/Pods-Buca-BucaTests/Pods-Buca-BucaTests-resources.sh\"\n";
			showEnvVarsInLog = 0;
		};
		CFB222EBD9C9494996671605 /* [CP] Check Pods Manifest.lock */ = {
			isa = PBXShellScriptBuildPhase;
			buildActionMask = 2147483647;
			files = (
			);
			inputFileListPaths = (
			);
			inputPaths = (
				"${PODS_PODFILE_DIR_PATH}/Podfile.lock",
				"${PODS_ROOT}/Manifest.lock",
			);
			name = "[CP] Check Pods Manifest.lock";
			outputFileListPaths = (
			);
			outputPaths = (
				"$(DERIVED_FILE_DIR)/Pods-Buca-BucaTests-checkManifestLockResult.txt",
			);
			runOnlyForDeploymentPostprocessing = 0;
			shellPath = /bin/sh;
			shellScript = "diff \"${PODS_PODFILE_DIR_PATH}/Podfile.lock\" \"${PODS_ROOT}/Manifest.lock\" > /dev/null\nif [ $? != 0 ] ; then\n    # print error to STDERR\n    echo \"error: The sandbox is not in sync with the Podfile.lock. Run 'pod install' or update your CocoaPods installation.\" >&2\n    exit 1\nfi\n# This output is used by Xcode 'outputs' to avoid re-running this script phase.\necho \"SUCCESS\" > \"${SCRIPT_OUTPUT_FILE_0}\"\n";
			showEnvVarsInLog = 0;
		};
		FD10A7F022414F080027D42C /* Start Packager */ = {
			isa = PBXShellScriptBuildPhase;
			buildActionMask = 2147483647;
			files = (
			);
			inputFileListPaths = (
			);
			inputPaths = (
			);
			name = "Start Packager";
			outputFileListPaths = (
			);
			outputPaths = (
			);
			runOnlyForDeploymentPostprocessing = 0;
			shellPath = /bin/sh;
			shellScript = "export RCT_METRO_PORT=\"${RCT_METRO_PORT:=8081}\"\necho \"export RCT_METRO_PORT=${RCT_METRO_PORT}\" > \"${SRCROOT}/../node_modules/react-native/scripts/.packager.env\"\nif [ -z \"${RCT_NO_LAUNCH_PACKAGER+xxx}\" ] ; then\n  if nc -w 5 -z localhost ${RCT_METRO_PORT} ; then\n    if ! curl -s \"http://localhost:${RCT_METRO_PORT}/status\" | grep -q \"packager-status:running\" ; then\n      echo \"Port ${RCT_METRO_PORT} already in use, packager is either not running or not running correctly\"\n      exit 2\n    fi\n  else\n    open \"$SRCROOT/../node_modules/react-native/scripts/launchPackager.command\" || echo \"Can't start packager automatically\"\n  fi\nfi\n";
			showEnvVarsInLog = 0;
		};
		FD10A7F122414F3F0027D42C /* Start Packager */ = {
			isa = PBXShellScriptBuildPhase;
			buildActionMask = 2147483647;
			files = (
			);
			inputFileListPaths = (
			);
			inputPaths = (
			);
			name = "Start Packager";
			outputFileListPaths = (
			);
			outputPaths = (
			);
			runOnlyForDeploymentPostprocessing = 0;
			shellPath = /bin/sh;
			shellScript = "export RCT_METRO_PORT=\"${RCT_METRO_PORT:=8081}\"\necho \"export RCT_METRO_PORT=${RCT_METRO_PORT}\" > \"${SRCROOT}/../node_modules/react-native/scripts/.packager.env\"\nif [ -z \"${RCT_NO_LAUNCH_PACKAGER+xxx}\" ] ; then\n  if nc -w 5 -z localhost ${RCT_METRO_PORT} ; then\n    if ! curl -s \"http://localhost:${RCT_METRO_PORT}/status\" | grep -q \"packager-status:running\" ; then\n      echo \"Port ${RCT_METRO_PORT} already in use, packager is either not running or not running correctly\"\n      exit 2\n    fi\n  else\n    open \"$SRCROOT/../node_modules/react-native/scripts/launchPackager.command\" || echo \"Can't start packager automatically\"\n  fi\nfi\n";
			showEnvVarsInLog = 0;
		};
/* End PBXShellScriptBuildPhase section */

/* Begin PBXSourcesBuildPhase section */
		00E356EA1AD99517003FC87E /* Sources */ = {
			isa = PBXSourcesBuildPhase;
			buildActionMask = 2147483647;
			files = (
				00E356F31AD99517003FC87E /* BucaTests.m in Sources */,
			);
			runOnlyForDeploymentPostprocessing = 0;
		};
		13B07F871A680F5B00A75B9A /* Sources */ = {
			isa = PBXSourcesBuildPhase;
			buildActionMask = 2147483647;
			files = (
				13B07FBC1A68108700A75B9A /* AppDelegate.m in Sources */,
				896924F025A8B0C2003FE6F3 /* File.swift in Sources */,
				13B07FC11A68108700A75B9A /* main.m in Sources */,
			);
			runOnlyForDeploymentPostprocessing = 0;
		};
		2D02E4771E0B4A5D006451C7 /* Sources */ = {
			isa = PBXSourcesBuildPhase;
			buildActionMask = 2147483647;
			files = (
				2D02E4BF1E0B4AB3006451C7 /* main.m in Sources */,
				2D02E4BC1E0B4A80006451C7 /* AppDelegate.m in Sources */,
			);
			runOnlyForDeploymentPostprocessing = 0;
		};
		2D02E48C1E0B4A5D006451C7 /* Sources */ = {
			isa = PBXSourcesBuildPhase;
			buildActionMask = 2147483647;
			files = (
				2DCD954D1E0B4F2C00145EB5 /* BucaTests.m in Sources */,
			);
			runOnlyForDeploymentPostprocessing = 0;
		};
/* End PBXSourcesBuildPhase section */

/* Begin PBXTargetDependency section */
		00E356F51AD99517003FC87E /* PBXTargetDependency */ = {
			isa = PBXTargetDependency;
			target = 13B07F861A680F5B00A75B9A /* Buca */;
			targetProxy = 00E356F41AD99517003FC87E /* PBXContainerItemProxy */;
		};
		2D02E4921E0B4A5D006451C7 /* PBXTargetDependency */ = {
			isa = PBXTargetDependency;
			target = 2D02E47A1E0B4A5D006451C7 /* Buca-tvOS */;
			targetProxy = 2D02E4911E0B4A5D006451C7 /* PBXContainerItemProxy */;
		};
/* End PBXTargetDependency section */

/* Begin XCBuildConfiguration section */
		00E356F61AD99517003FC87E /* Debug */ = {
			isa = XCBuildConfiguration;
			baseConfigurationReference = 9F0CF0D708AAEC91391A2A4C /* Pods-Buca-BucaTests.debug.xcconfig */;
			buildSettings = {
				ALWAYS_EMBED_SWIFT_STANDARD_LIBRARIES = YES;
				BUNDLE_LOADER = "$(TEST_HOST)";
				GCC_PREPROCESSOR_DEFINITIONS = (
					"DEBUG=1",
					"$(inherited)",
				);
				INFOPLIST_FILE = BucaTests/Info.plist;
				IPHONEOS_DEPLOYMENT_TARGET = 10.0;
				LD_RUNPATH_SEARCH_PATHS = "$(inherited) @executable_path/Frameworks @loader_path/Frameworks";
				OTHER_LDFLAGS = (
					"-ObjC",
					"-lc++",
					"$(inherited)",
				);
				PRODUCT_BUNDLE_IDENTIFIER = "org.reactjs.native.example.$(PRODUCT_NAME:rfc1034identifier)";
				PRODUCT_NAME = "$(TARGET_NAME)";
				TEST_HOST = "$(BUILT_PRODUCTS_DIR)/Buca.app/Buca";
			};
			name = Debug;
		};
		00E356F71AD99517003FC87E /* Release */ = {
			isa = XCBuildConfiguration;
			baseConfigurationReference = 53E1A144AB4457135138796E /* Pods-Buca-BucaTests.release.xcconfig */;
			buildSettings = {
				ALWAYS_EMBED_SWIFT_STANDARD_LIBRARIES = YES;
				BUNDLE_LOADER = "$(TEST_HOST)";
				COPY_PHASE_STRIP = NO;
				INFOPLIST_FILE = BucaTests/Info.plist;
				IPHONEOS_DEPLOYMENT_TARGET = 10.0;
				LD_RUNPATH_SEARCH_PATHS = "$(inherited) @executable_path/Frameworks @loader_path/Frameworks";
				OTHER_LDFLAGS = (
					"-ObjC",
					"-lc++",
					"$(inherited)",
				);
				PRODUCT_BUNDLE_IDENTIFIER = "org.reactjs.native.example.$(PRODUCT_NAME:rfc1034identifier)";
				PRODUCT_NAME = "$(TARGET_NAME)";
				TEST_HOST = "$(BUILT_PRODUCTS_DIR)/Buca.app/Buca";
			};
			name = Release;
		};
		13B07F941A680F5B00A75B9A /* Debug */ = {
			isa = XCBuildConfiguration;
			baseConfigurationReference = 3298951A62502B0B8698CD6D /* Pods-Buca.debug.xcconfig */;
			buildSettings = {
				ASSETCATALOG_COMPILER_APPICON_NAME = AppIcon;
				CLANG_ENABLE_MODULES = YES;
				CODE_SIGN_IDENTITY = "iPhone Developer";
				CODE_SIGN_STYLE = Automatic;
				CURRENT_PROJECT_VERSION = 1;
				DEVELOPMENT_TEAM = 4Y43A52ZV9;
				ENABLE_BITCODE = NO;
				INFOPLIST_FILE = Buca/Info.plist;
				IPHONEOS_DEPLOYMENT_TARGET = 10.0;
				LD_RUNPATH_SEARCH_PATHS = "$(inherited) @executable_path/Frameworks";
				OTHER_LDFLAGS = (
					"$(inherited)",
					"-ObjC",
					"-lc++",
				);
				PRODUCT_BUNDLE_IDENTIFIER = org.reactjs.native.buca.Buca;
				PRODUCT_NAME = Buca;
				PROVISIONING_PROFILE_SPECIFIER = "";
				SWIFT_OBJC_BRIDGING_HEADER = "Buca-Bridging-Header.h";
				SWIFT_OPTIMIZATION_LEVEL = "-Onone";
				SWIFT_VERSION = 5.0;
				VERSIONING_SYSTEM = "apple-generic";
			};
			name = Debug;
		};
		13B07F951A680F5B00A75B9A /* Release */ = {
			isa = XCBuildConfiguration;
			baseConfigurationReference = 21954595729A66224E891DC0 /* Pods-Buca.release.xcconfig */;
			buildSettings = {
				ASSETCATALOG_COMPILER_APPICON_NAME = AppIcon;
				CLANG_ENABLE_MODULES = YES;
				CODE_SIGN_IDENTITY = "iPhone Developer";
				CODE_SIGN_STYLE = Automatic;
				CURRENT_PROJECT_VERSION = 1;
				DEVELOPMENT_TEAM = 4Y43A52ZV9;
				INFOPLIST_FILE = Buca/Info.plist;
				IPHONEOS_DEPLOYMENT_TARGET = 10.0;
				LD_RUNPATH_SEARCH_PATHS = "$(inherited) @executable_path/Frameworks";
				OTHER_LDFLAGS = (
					"$(inherited)",
					"-ObjC",
					"-lc++",
				);
				PRODUCT_BUNDLE_IDENTIFIER = org.reactjs.native.buca.Buca;
				PRODUCT_NAME = Buca;
				PROVISIONING_PROFILE_SPECIFIER = "";
				SWIFT_OBJC_BRIDGING_HEADER = "Buca-Bridging-Header.h";
				SWIFT_VERSION = 5.0;
				VERSIONING_SYSTEM = "apple-generic";
			};
			name = Release;
		};
		2D02E4971E0B4A5E006451C7 /* Debug */ = {
			isa = XCBuildConfiguration;
			baseConfigurationReference = 964EFC1FC511FD50FC133F2F /* Pods-Buca-tvOS.debug.xcconfig */;
			buildSettings = {
				ASSETCATALOG_COMPILER_APPICON_NAME = "App Icon & Top Shelf Image";
				ASSETCATALOG_COMPILER_LAUNCHIMAGE_NAME = LaunchImage;
				CLANG_ANALYZER_NONNULL = YES;
				CLANG_WARN_DOCUMENTATION_COMMENTS = YES;
				CLANG_WARN_INFINITE_RECURSION = YES;
				CLANG_WARN_SUSPICIOUS_MOVE = YES;
				DEBUG_INFORMATION_FORMAT = dwarf;
				ENABLE_TESTABILITY = YES;
				GCC_NO_COMMON_BLOCKS = YES;
				INFOPLIST_FILE = "Buca-tvOS/Info.plist";
				LD_RUNPATH_SEARCH_PATHS = "$(inherited) @executable_path/Frameworks";
				OTHER_LDFLAGS = (
					"$(inherited)",
					"-ObjC",
					"-lc++",
				);
				PRODUCT_BUNDLE_IDENTIFIER = "org.reactjs.native.example.Buca-tvOS";
				PRODUCT_NAME = "$(TARGET_NAME)";
				SDKROOT = appletvos;
				TARGETED_DEVICE_FAMILY = 3;
				TVOS_DEPLOYMENT_TARGET = 10.0;
			};
			name = Debug;
		};
		2D02E4981E0B4A5E006451C7 /* Release */ = {
			isa = XCBuildConfiguration;
			baseConfigurationReference = B69541F7C7D580C4FD49D561 /* Pods-Buca-tvOS.release.xcconfig */;
			buildSettings = {
				ASSETCATALOG_COMPILER_APPICON_NAME = "App Icon & Top Shelf Image";
				ASSETCATALOG_COMPILER_LAUNCHIMAGE_NAME = LaunchImage;
				CLANG_ANALYZER_NONNULL = YES;
				CLANG_WARN_DOCUMENTATION_COMMENTS = YES;
				CLANG_WARN_INFINITE_RECURSION = YES;
				CLANG_WARN_SUSPICIOUS_MOVE = YES;
				COPY_PHASE_STRIP = NO;
				DEBUG_INFORMATION_FORMAT = "dwarf-with-dsym";
				GCC_NO_COMMON_BLOCKS = YES;
				INFOPLIST_FILE = "Buca-tvOS/Info.plist";
				LD_RUNPATH_SEARCH_PATHS = "$(inherited) @executable_path/Frameworks";
				OTHER_LDFLAGS = (
					"$(inherited)",
					"-ObjC",
					"-lc++",
				);
				PRODUCT_BUNDLE_IDENTIFIER = "org.reactjs.native.example.Buca-tvOS";
				PRODUCT_NAME = "$(TARGET_NAME)";
				SDKROOT = appletvos;
				TARGETED_DEVICE_FAMILY = 3;
				TVOS_DEPLOYMENT_TARGET = 10.0;
			};
			name = Release;
		};
		2D02E4991E0B4A5E006451C7 /* Debug */ = {
			isa = XCBuildConfiguration;
			baseConfigurationReference = 0F1164262A464AFB4DC03415 /* Pods-Buca-tvOSTests.debug.xcconfig */;
			buildSettings = {
				BUNDLE_LOADER = "$(TEST_HOST)";
				CLANG_ANALYZER_NONNULL = YES;
				CLANG_WARN_DOCUMENTATION_COMMENTS = YES;
				CLANG_WARN_INFINITE_RECURSION = YES;
				CLANG_WARN_SUSPICIOUS_MOVE = YES;
				DEBUG_INFORMATION_FORMAT = dwarf;
				ENABLE_TESTABILITY = YES;
				GCC_NO_COMMON_BLOCKS = YES;
				INFOPLIST_FILE = "Buca-tvOSTests/Info.plist";
				LD_RUNPATH_SEARCH_PATHS = "$(inherited) @executable_path/Frameworks @loader_path/Frameworks";
				OTHER_LDFLAGS = (
					"$(inherited)",
					"-ObjC",
					"-lc++",
				);
				PRODUCT_BUNDLE_IDENTIFIER = "org.reactjs.native.example.Buca-tvOSTests";
				PRODUCT_NAME = "$(TARGET_NAME)";
				SDKROOT = appletvos;
				TEST_HOST = "$(BUILT_PRODUCTS_DIR)/Buca-tvOS.app/Buca-tvOS";
				TVOS_DEPLOYMENT_TARGET = 10.1;
			};
			name = Debug;
		};
		2D02E49A1E0B4A5E006451C7 /* Release */ = {
			isa = XCBuildConfiguration;
			baseConfigurationReference = F55FB6F0472734227544917F /* Pods-Buca-tvOSTests.release.xcconfig */;
			buildSettings = {
				BUNDLE_LOADER = "$(TEST_HOST)";
				CLANG_ANALYZER_NONNULL = YES;
				CLANG_WARN_DOCUMENTATION_COMMENTS = YES;
				CLANG_WARN_INFINITE_RECURSION = YES;
				CLANG_WARN_SUSPICIOUS_MOVE = YES;
				COPY_PHASE_STRIP = NO;
				DEBUG_INFORMATION_FORMAT = "dwarf-with-dsym";
				GCC_NO_COMMON_BLOCKS = YES;
				INFOPLIST_FILE = "Buca-tvOSTests/Info.plist";
				LD_RUNPATH_SEARCH_PATHS = "$(inherited) @executable_path/Frameworks @loader_path/Frameworks";
				OTHER_LDFLAGS = (
					"$(inherited)",
					"-ObjC",
					"-lc++",
				);
				PRODUCT_BUNDLE_IDENTIFIER = "org.reactjs.native.example.Buca-tvOSTests";
				PRODUCT_NAME = "$(TARGET_NAME)";
				SDKROOT = appletvos;
				TEST_HOST = "$(BUILT_PRODUCTS_DIR)/Buca-tvOS.app/Buca-tvOS";
				TVOS_DEPLOYMENT_TARGET = 10.1;
			};
			name = Release;
		};
		83CBBA201A601CBA00E9B192 /* Debug */ = {
			isa = XCBuildConfiguration;
			buildSettings = {
				ALWAYS_SEARCH_USER_PATHS = NO;
				CLANG_ANALYZER_LOCALIZABILITY_NONLOCALIZED = YES;
				CLANG_CXX_LANGUAGE_STANDARD = "gnu++0x";
				CLANG_CXX_LIBRARY = "libc++";
				CLANG_ENABLE_MODULES = YES;
				CLANG_ENABLE_OBJC_ARC = YES;
				CLANG_WARN_BLOCK_CAPTURE_AUTORELEASING = YES;
				CLANG_WARN_BOOL_CONVERSION = YES;
				CLANG_WARN_COMMA = YES;
				CLANG_WARN_CONSTANT_CONVERSION = YES;
				CLANG_WARN_DEPRECATED_OBJC_IMPLEMENTATIONS = YES;
				CLANG_WARN_DIRECT_OBJC_ISA_USAGE = YES_ERROR;
				CLANG_WARN_EMPTY_BODY = YES;
				CLANG_WARN_ENUM_CONVERSION = YES;
				CLANG_WARN_INFINITE_RECURSION = YES;
				CLANG_WARN_INT_CONVERSION = YES;
				CLANG_WARN_NON_LITERAL_NULL_CONVERSION = YES;
				CLANG_WARN_OBJC_IMPLICIT_RETAIN_SELF = YES;
				CLANG_WARN_OBJC_LITERAL_CONVERSION = YES;
				CLANG_WARN_OBJC_ROOT_CLASS = YES_ERROR;
				CLANG_WARN_RANGE_LOOP_ANALYSIS = YES;
				CLANG_WARN_STRICT_PROTOTYPES = YES;
				CLANG_WARN_SUSPICIOUS_MOVE = YES;
				CLANG_WARN_UNREACHABLE_CODE = YES;
				CLANG_WARN__DUPLICATE_METHOD_MATCH = YES;
				"CODE_SIGN_IDENTITY[sdk=iphoneos*]" = "iPhone Developer";
				COPY_PHASE_STRIP = NO;
				ENABLE_STRICT_OBJC_MSGSEND = YES;
				ENABLE_TESTABILITY = YES;
				GCC_C_LANGUAGE_STANDARD = gnu99;
				GCC_DYNAMIC_NO_PIC = NO;
				GCC_NO_COMMON_BLOCKS = YES;
				GCC_OPTIMIZATION_LEVEL = 0;
				GCC_PREPROCESSOR_DEFINITIONS = (
					"DEBUG=1",
					"$(inherited)",
				);
				GCC_SYMBOLS_PRIVATE_EXTERN = NO;
				GCC_WARN_64_TO_32_BIT_CONVERSION = YES;
				GCC_WARN_ABOUT_RETURN_TYPE = YES_ERROR;
				GCC_WARN_UNDECLARED_SELECTOR = YES;
				GCC_WARN_UNINITIALIZED_AUTOS = YES_AGGRESSIVE;
				GCC_WARN_UNUSED_FUNCTION = YES;
				GCC_WARN_UNUSED_VARIABLE = YES;
				IPHONEOS_DEPLOYMENT_TARGET = 10.0;
				LD_RUNPATH_SEARCH_PATHS = "/usr/lib/swift $(inherited)";
				LIBRARY_SEARCH_PATHS = (
					"\"$(TOOLCHAIN_DIR)/usr/lib/swift/$(PLATFORM_NAME)\"",
					"\"$(TOOLCHAIN_DIR)/usr/lib/swift-5.0/$(PLATFORM_NAME)\"",
					"\"$(inherited)\"",
				);
				MTL_ENABLE_DEBUG_INFO = YES;
				ONLY_ACTIVE_ARCH = YES;
				SDKROOT = iphoneos;
			};
			name = Debug;
		};
		83CBBA211A601CBA00E9B192 /* Release */ = {
			isa = XCBuildConfiguration;
			buildSettings = {
				ALWAYS_SEARCH_USER_PATHS = NO;
				CLANG_ANALYZER_LOCALIZABILITY_NONLOCALIZED = YES;
				CLANG_CXX_LANGUAGE_STANDARD = "gnu++0x";
				CLANG_CXX_LIBRARY = "libc++";
				CLANG_ENABLE_MODULES = YES;
				CLANG_ENABLE_OBJC_ARC = YES;
				CLANG_WARN_BLOCK_CAPTURE_AUTORELEASING = YES;
				CLANG_WARN_BOOL_CONVERSION = YES;
				CLANG_WARN_COMMA = YES;
				CLANG_WARN_CONSTANT_CONVERSION = YES;
				CLANG_WARN_DEPRECATED_OBJC_IMPLEMENTATIONS = YES;
				CLANG_WARN_DIRECT_OBJC_ISA_USAGE = YES_ERROR;
				CLANG_WARN_EMPTY_BODY = YES;
				CLANG_WARN_ENUM_CONVERSION = YES;
				CLANG_WARN_INFINITE_RECURSION = YES;
				CLANG_WARN_INT_CONVERSION = YES;
				CLANG_WARN_NON_LITERAL_NULL_CONVERSION = YES;
				CLANG_WARN_OBJC_IMPLICIT_RETAIN_SELF = YES;
				CLANG_WARN_OBJC_LITERAL_CONVERSION = YES;
				CLANG_WARN_OBJC_ROOT_CLASS = YES_ERROR;
				CLANG_WARN_RANGE_LOOP_ANALYSIS = YES;
				CLANG_WARN_STRICT_PROTOTYPES = YES;
				CLANG_WARN_SUSPICIOUS_MOVE = YES;
				CLANG_WARN_UNREACHABLE_CODE = YES;
				CLANG_WARN__DUPLICATE_METHOD_MATCH = YES;
				"CODE_SIGN_IDENTITY[sdk=iphoneos*]" = "iPhone Developer";
				COPY_PHASE_STRIP = YES;
				ENABLE_NS_ASSERTIONS = NO;
				ENABLE_STRICT_OBJC_MSGSEND = YES;
				GCC_C_LANGUAGE_STANDARD = gnu99;
				GCC_NO_COMMON_BLOCKS = YES;
				GCC_WARN_64_TO_32_BIT_CONVERSION = YES;
				GCC_WARN_ABOUT_RETURN_TYPE = YES_ERROR;
				GCC_WARN_UNDECLARED_SELECTOR = YES;
				GCC_WARN_UNINITIALIZED_AUTOS = YES_AGGRESSIVE;
				GCC_WARN_UNUSED_FUNCTION = YES;
				GCC_WARN_UNUSED_VARIABLE = YES;
				IPHONEOS_DEPLOYMENT_TARGET = 10.0;
				LD_RUNPATH_SEARCH_PATHS = "/usr/lib/swift $(inherited)";
				LIBRARY_SEARCH_PATHS = (
					"\"$(TOOLCHAIN_DIR)/usr/lib/swift/$(PLATFORM_NAME)\"",
					"\"$(TOOLCHAIN_DIR)/usr/lib/swift-5.0/$(PLATFORM_NAME)\"",
					"\"$(inherited)\"",
				);
				MTL_ENABLE_DEBUG_INFO = NO;
				SDKROOT = iphoneos;
				VALIDATE_PRODUCT = YES;
			};
			name = Release;
		};
/* End XCBuildConfiguration section */

/* Begin XCConfigurationList section */
		00E357021AD99517003FC87E /* Build configuration list for PBXNativeTarget "BucaTests" */ = {
			isa = XCConfigurationList;
			buildConfigurations = (
				00E356F61AD99517003FC87E /* Debug */,
				00E356F71AD99517003FC87E /* Release */,
			);
			defaultConfigurationIsVisible = 0;
			defaultConfigurationName = Release;
		};
		13B07F931A680F5B00A75B9A /* Build configuration list for PBXNativeTarget "Buca" */ = {
			isa = XCConfigurationList;
			buildConfigurations = (
				13B07F941A680F5B00A75B9A /* Debug */,
				13B07F951A680F5B00A75B9A /* Release */,
			);
			defaultConfigurationIsVisible = 0;
			defaultConfigurationName = Release;
		};
		2D02E4BA1E0B4A5E006451C7 /* Build configuration list for PBXNativeTarget "Buca-tvOS" */ = {
			isa = XCConfigurationList;
			buildConfigurations = (
				2D02E4971E0B4A5E006451C7 /* Debug */,
				2D02E4981E0B4A5E006451C7 /* Release */,
			);
			defaultConfigurationIsVisible = 0;
			defaultConfigurationName = Release;
		};
		2D02E4BB1E0B4A5E006451C7 /* Build configuration list for PBXNativeTarget "Buca-tvOSTests" */ = {
			isa = XCConfigurationList;
			buildConfigurations = (
				2D02E4991E0B4A5E006451C7 /* Debug */,
				2D02E49A1E0B4A5E006451C7 /* Release */,
			);
			defaultConfigurationIsVisible = 0;
			defaultConfigurationName = Release;
		};
		83CBB9FA1A601CBA00E9B192 /* Build configuration list for PBXProject "Buca" */ = {
			isa = XCConfigurationList;
			buildConfigurations = (
				83CBBA201A601CBA00E9B192 /* Debug */,
				83CBBA211A601CBA00E9B192 /* Release */,
			);
			defaultConfigurationIsVisible = 0;
			defaultConfigurationName = Release;
		};
/* End XCConfigurationList section */
	};
	rootObject = 83CBB9F71A601CBA00E9B192 /* Project object */;
}
